// !$*UTF8*$!
{
	archiveVersion = 1;
	classes = {
	};
	objectVersion = 46;
	objects = {

/* Begin PBXBuildFile section */
		2CBAFB8116FDC2B3005FE437 /* MapKit.framework in Frameworks */ = {isa = PBXBuildFile; fileRef = 2CBAFB8016FDC2B3005FE437 /* MapKit.framework */; };
		2CBAFB831700AAE6005FE437 /* CoreLocation.framework in Frameworks */ = {isa = PBXBuildFile; fileRef = 2CBAFB821700AAE6005FE437 /* CoreLocation.framework */; };
		69ED70C92E5825B3FF2FFC24 /* InfoPlist.strings in Resources */ = {isa = PBXBuildFile; fileRef = 69ED753C0FBA1171B5E42435 /* InfoPlist.strings */; };
		69ED71A8166E51D8D8B39214 /* Default-568h@2x.png in Resources */ = {isa = PBXBuildFile; fileRef = 69ED76A96CD7FAD781E672EF /* Default-568h@2x.png */; };
		69ED71D610219574503D89FE /* ViewController_iPad.xib in Resources */ = {isa = PBXBuildFile; fileRef = 69ED7CF4DEE0272CEBED989E /* ViewController_iPad.xib */; };
		69ED72793D8DEDD324F0E3AD /* UIKit.framework in Frameworks */ = {isa = PBXBuildFile; fileRef = 69ED7C39BA6EAD91D337098F /* UIKit.framework */; };
		69ED72AC08DEEAFA84C92826 /* Airports.plist in Resources */ = {isa = PBXBuildFile; fileRef = 69ED7C6A76EAFC4CC0DAC127 /* Airports.plist */; };
		69ED72FA7D68B49E7C32F3B6 /* AppDelegate.m in Sources */ = {isa = PBXBuildFile; fileRef = 69ED76760FBBD9AD08230C8C /* AppDelegate.m */; };
		69ED72FB076F49F8536D89D9 /* ViewController_iPhone.xib in Resources */ = {isa = PBXBuildFile; fileRef = 69ED7EE98FD9DB661B1C1045 /* ViewController_iPhone.xib */; };
		69ED72FF738FE53E628DBC6E /* SDRegularMapTransaction.m in Sources */ = {isa = PBXBuildFile; fileRef = 69ED7BE865EA9C9A1830EA64 /* SDRegularMapTransaction.m */; };
		69ED747474FF0C38E6A87D57 /* main.m in Sources */ = {isa = PBXBuildFile; fileRef = 69ED76520DA7BCCCCCE4D881 /* main.m */; };
		69ED74749C7EC519BE42559A /* NSValue+CLLocationCoordinate2D.m in Sources */ = {isa = PBXBuildFile; fileRef = 69ED7C13D8BFE31F5C98DC39 /* NSValue+CLLocationCoordinate2D.m */; };
		69ED773A99DFB7BECC40CB46 /* MKMapView+SDTransforms.m in Sources */ = {isa = PBXBuildFile; fileRef = 69ED7CAAA2A318361606AE4F /* MKMapView+SDTransforms.m */; };
		69ED778DA90BC4A6C6BE6CF1 /* NSMutableDictionary+SetInsertion.m in Sources */ = {isa = PBXBuildFile; fileRef = 69ED7751B1F525FE8EC09CE8 /* NSMutableDictionary+SetInsertion.m */; };
		69ED77FA30B1110F7104BB73 /* SDDelegateMultiplier.m in Sources */ = {isa = PBXBuildFile; fileRef = 69ED7E28DBB059BF389F6BF3 /* SDDelegateMultiplier.m */; };
		69ED79631F2664C45D855938 /* SDMapTransactionFactory.m in Sources */ = {isa = PBXBuildFile; fileRef = 69ED7B3EB1DF2B11F4627D68 /* SDMapTransactionFactory.m */; };
		69ED7963D80BC59FB0EEA020 /* SDQuadTree.m in Sources */ = {isa = PBXBuildFile; fileRef = 69ED7A6BE439148A76A7C631 /* SDQuadTree.m */; };
		69ED797506D10E245BA926CF /* CoreGraphics.framework in Frameworks */ = {isa = PBXBuildFile; fileRef = 69ED75A6AB3819161A9CE824 /* CoreGraphics.framework */; };
		69ED7B18B4F67F881F662E8E /* Default.png in Resources */ = {isa = PBXBuildFile; fileRef = 69ED7982BFC11D5301FA3D76 /* Default.png */; };
		69ED7B6F95671788A9EEA6C7 /* SDDescendingMapTransaction.m in Sources */ = {isa = PBXBuildFile; fileRef = 69ED724B5929CDCAE303BA9A /* SDDescendingMapTransaction.m */; };
		69ED7C49D3477A85DBEDABEB /* SDMapTransaction.m in Sources */ = {isa = PBXBuildFile; fileRef = 69ED780138C5E062CA6D6B44 /* SDMapTransaction.m */; };
		69ED7CDB1AB017EF2CE3A5D1 /* Foundation.framework in Frameworks */ = {isa = PBXBuildFile; fileRef = 69ED76CE0B997FAC2466941F /* Foundation.framework */; };
		69ED7D255CFA722C384CC1CE /* Default@2x.png in Resources */ = {isa = PBXBuildFile; fileRef = 69ED771CC3BD605270F51EAE /* Default@2x.png */; };
		69ED7D452A462E3C6685F4CC /* ViewController.m in Sources */ = {isa = PBXBuildFile; fileRef = 69ED71CCB7CFE84231F50261 /* ViewController.m */; };
		69ED7EC2527D208D884C8BB4 /* Airport.m in Sources */ = {isa = PBXBuildFile; fileRef = 69ED724A498353350AECD1A4 /* Airport.m */; };
		69ED7F3D5BE8FF250487EA33 /* SDMapView.m in Sources */ = {isa = PBXBuildFile; fileRef = 69ED7EA101E3A60D61AD77B5 /* SDMapView.m */; };
		69ED7F90FB10E9270F02E1EC /* NSInvocation+SDExtension.m in Sources */ = {isa = PBXBuildFile; fileRef = 69ED7AD0E9FAFCF70296BF89 /* NSInvocation+SDExtension.m */; };
		69ED7FDE1C56C79D24E0B644 /* SDAscendingMapTransaction.m in Sources */ = {isa = PBXBuildFile; fileRef = 69ED7C9E5E592F4DAFBB7C5D /* SDAscendingMapTransaction.m */; };
/* End PBXBuildFile section */

/* Begin PBXFileReference section */
		2CBAFB8016FDC2B3005FE437 /* MapKit.framework */ = {isa = PBXFileReference; lastKnownFileType = wrapper.framework; name = MapKit.framework; path = System/Library/Frameworks/MapKit.framework; sourceTree = SDKROOT; };
		2CBAFB821700AAE6005FE437 /* CoreLocation.framework */ = {isa = PBXFileReference; lastKnownFileType = wrapper.framework; name = CoreLocation.framework; path = System/Library/Frameworks/CoreLocation.framework; sourceTree = SDKROOT; };
		69ED718E5C63E80C8628969C /* SDRegularMapTransaction.h */ = {isa = PBXFileReference; fileEncoding = 4; lastKnownFileType = sourcecode.c.h; path = SDRegularMapTransaction.h; sourceTree = "<group>"; };
		69ED71CCB7CFE84231F50261 /* ViewController.m */ = {isa = PBXFileReference; lastKnownFileType = sourcecode.c.objc; path = ViewController.m; sourceTree = "<group>"; };
		69ED724A498353350AECD1A4 /* Airport.m */ = {isa = PBXFileReference; fileEncoding = 4; lastKnownFileType = sourcecode.c.objc; path = Airport.m; sourceTree = "<group>"; };
		69ED724B5929CDCAE303BA9A /* SDDescendingMapTransaction.m */ = {isa = PBXFileReference; fileEncoding = 4; lastKnownFileType = sourcecode.c.objc; path = SDDescendingMapTransaction.m; sourceTree = "<group>"; };
		69ED739511DBA23CE8B9E77A /* NSMutableDictionary+SetInsertion.h */ = {isa = PBXFileReference; fileEncoding = 4; lastKnownFileType = sourcecode.c.h; path = "NSMutableDictionary+SetInsertion.h"; sourceTree = "<group>"; };
		69ED73A90B56663776F86FAC /* en */ = {isa = PBXFileReference; lastKnownFileType = file.xib; name = en; path = en.lproj/ViewController_iPad.xib; sourceTree = "<group>"; };
		69ED73EFC050DD2798A237C4 /* en */ = {isa = PBXFileReference; lastKnownFileType = file.xib; name = en; path = en.lproj/ViewController_iPhone.xib; sourceTree = "<group>"; };
		69ED74088C04EA4E7A509B12 /* ViewController.h */ = {isa = PBXFileReference; lastKnownFileType = sourcecode.c.h; path = ViewController.h; sourceTree = "<group>"; };
		69ED742F6EF20E246EBB1170 /* SDAscendingMapTransaction.h */ = {isa = PBXFileReference; fileEncoding = 4; lastKnownFileType = sourcecode.c.h; path = SDAscendingMapTransaction.h; sourceTree = "<group>"; };
		69ED756B3FCAADD3D82360C9 /* SDMapView.app */ = {isa = PBXFileReference; explicitFileType = wrapper.application; includeInIndex = 0; path = SDMapView.app; sourceTree = BUILT_PRODUCTS_DIR; };
		69ED75A6AB3819161A9CE824 /* CoreGraphics.framework */ = {isa = PBXFileReference; lastKnownFileType = wrapper.framework; name = CoreGraphics.framework; path = System/Library/Frameworks/CoreGraphics.framework; sourceTree = SDKROOT; };
		69ED7640B65F6DE1E11689DE /* SDMapView-Info.plist */ = {isa = PBXFileReference; lastKnownFileType = text.plist.info; path = "SDMapView-Info.plist"; sourceTree = "<group>"; };
		69ED76520DA7BCCCCCE4D881 /* main.m */ = {isa = PBXFileReference; lastKnownFileType = sourcecode.c.objc; path = main.m; sourceTree = "<group>"; };
		69ED76760FBBD9AD08230C8C /* AppDelegate.m */ = {isa = PBXFileReference; lastKnownFileType = sourcecode.c.objc; path = AppDelegate.m; sourceTree = "<group>"; };
		69ED7687A07B9F953D76846F /* SDDelegateMultiplier.h */ = {isa = PBXFileReference; fileEncoding = 4; lastKnownFileType = sourcecode.c.h; path = SDDelegateMultiplier.h; sourceTree = "<group>"; };
		69ED76A96CD7FAD781E672EF /* Default-568h@2x.png */ = {isa = PBXFileReference; lastKnownFileType = image.png; path = "Default-568h@2x.png"; sourceTree = "<group>"; };
		69ED76CE0B997FAC2466941F /* Foundation.framework */ = {isa = PBXFileReference; lastKnownFileType = wrapper.framework; name = Foundation.framework; path = System/Library/Frameworks/Foundation.framework; sourceTree = SDKROOT; };
		69ED771CC3BD605270F51EAE /* Default@2x.png */ = {isa = PBXFileReference; lastKnownFileType = image.png; path = "Default@2x.png"; sourceTree = "<group>"; };
		69ED773B56177261B85CDF84 /* NSInvocation+SDExtension.h */ = {isa = PBXFileReference; fileEncoding = 4; lastKnownFileType = sourcecode.c.h; path = "NSInvocation+SDExtension.h"; sourceTree = "<group>"; };
		69ED7751B1F525FE8EC09CE8 /* NSMutableDictionary+SetInsertion.m */ = {isa = PBXFileReference; fileEncoding = 4; lastKnownFileType = sourcecode.c.objc; path = "NSMutableDictionary+SetInsertion.m"; sourceTree = "<group>"; };
		69ED77D534E5F7EFCE58BCE4 /* SDMapView+SDMapTransaction.h */ = {isa = PBXFileReference; fileEncoding = 4; lastKnownFileType = sourcecode.c.h; path = "SDMapView+SDMapTransaction.h"; sourceTree = "<group>"; };
		69ED780138C5E062CA6D6B44 /* SDMapTransaction.m */ = {isa = PBXFileReference; fileEncoding = 4; lastKnownFileType = sourcecode.c.objc; path = SDMapTransaction.m; sourceTree = "<group>"; };
		69ED783D4CE7230D18F77294 /* SDMapTransaction.h */ = {isa = PBXFileReference; fileEncoding = 4; lastKnownFileType = sourcecode.c.h; path = SDMapTransaction.h; sourceTree = "<group>"; };
		69ED78431E041FD3CCC9401D /* SDMapTransactionFactory.h */ = {isa = PBXFileReference; fileEncoding = 4; lastKnownFileType = sourcecode.c.h; path = SDMapTransactionFactory.h; sourceTree = "<group>"; };
		69ED789BF125BA77E41C12D3 /* NSValue+CLLocationCoordinate2D.h */ = {isa = PBXFileReference; fileEncoding = 4; lastKnownFileType = sourcecode.c.h; path = "NSValue+CLLocationCoordinate2D.h"; sourceTree = "<group>"; };
		69ED78DBF9BED68DD31F529D /* MKMapView+SDTransforms.h */ = {isa = PBXFileReference; fileEncoding = 4; lastKnownFileType = sourcecode.c.h; path = "MKMapView+SDTransforms.h"; sourceTree = "<group>"; };
		69ED7982BFC11D5301FA3D76 /* Default.png */ = {isa = PBXFileReference; lastKnownFileType = image.png; path = Default.png; sourceTree = "<group>"; };
		69ED79AB69D8B5723E9C5CA9 /* SDMapView-Prefix.pch */ = {isa = PBXFileReference; lastKnownFileType = sourcecode.c.h; path = "SDMapView-Prefix.pch"; sourceTree = "<group>"; };
		69ED7A6BE439148A76A7C631 /* SDQuadTree.m */ = {isa = PBXFileReference; fileEncoding = 4; lastKnownFileType = sourcecode.c.objc; path = SDQuadTree.m; sourceTree = "<group>"; };
		69ED7AD0E9FAFCF70296BF89 /* NSInvocation+SDExtension.m */ = {isa = PBXFileReference; fileEncoding = 4; lastKnownFileType = sourcecode.c.objc; path = "NSInvocation+SDExtension.m"; sourceTree = "<group>"; };
		69ED7B3EB1DF2B11F4627D68 /* SDMapTransactionFactory.m */ = {isa = PBXFileReference; fileEncoding = 4; lastKnownFileType = sourcecode.c.objc; path = SDMapTransactionFactory.m; sourceTree = "<group>"; };
		69ED7BE865EA9C9A1830EA64 /* SDRegularMapTransaction.m */ = {isa = PBXFileReference; fileEncoding = 4; lastKnownFileType = sourcecode.c.objc; path = SDRegularMapTransaction.m; sourceTree = "<group>"; };
		69ED7C10E7D4CD470B8A9A79 /* en */ = {isa = PBXFileReference; lastKnownFileType = text.plist.strings; name = en; path = en.lproj/InfoPlist.strings; sourceTree = "<group>"; };
		69ED7C13D8BFE31F5C98DC39 /* NSValue+CLLocationCoordinate2D.m */ = {isa = PBXFileReference; fileEncoding = 4; lastKnownFileType = sourcecode.c.objc; path = "NSValue+CLLocationCoordinate2D.m"; sourceTree = "<group>"; };
		69ED7C2E27F333C83B343597 /* AppDelegate.h */ = {isa = PBXFileReference; lastKnownFileType = sourcecode.c.h; path = AppDelegate.h; sourceTree = "<group>"; };
		69ED7C39BA6EAD91D337098F /* UIKit.framework */ = {isa = PBXFileReference; lastKnownFileType = wrapper.framework; name = UIKit.framework; path = System/Library/Frameworks/UIKit.framework; sourceTree = SDKROOT; };
		69ED7C6A76EAFC4CC0DAC127 /* Airports.plist */ = {isa = PBXFileReference; fileEncoding = 4; lastKnownFileType = text.plist; path = Airports.plist; sourceTree = "<group>"; };
		69ED7C9E5E592F4DAFBB7C5D /* SDAscendingMapTransaction.m */ = {isa = PBXFileReference; fileEncoding = 4; lastKnownFileType = sourcecode.c.objc; path = SDAscendingMapTransaction.m; sourceTree = "<group>"; };
		69ED7CAAA2A318361606AE4F /* MKMapView+SDTransforms.m */ = {isa = PBXFileReference; fileEncoding = 4; lastKnownFileType = sourcecode.c.objc; path = "MKMapView+SDTransforms.m"; sourceTree = "<group>"; };
		69ED7D7A52AEDDB105376272 /* SDQuadTree.h */ = {isa = PBXFileReference; fileEncoding = 4; lastKnownFileType = sourcecode.c.h; path = SDQuadTree.h; sourceTree = "<group>"; };
		69ED7DA943DD0C8C78ABDC38 /* SDDescendingMapTransaction.h */ = {isa = PBXFileReference; fileEncoding = 4; lastKnownFileType = sourcecode.c.h; path = SDDescendingMapTransaction.h; sourceTree = "<group>"; };
		69ED7E28DBB059BF389F6BF3 /* SDDelegateMultiplier.m */ = {isa = PBXFileReference; fileEncoding = 4; lastKnownFileType = sourcecode.c.objc; path = SDDelegateMultiplier.m; sourceTree = "<group>"; };
		69ED7EA101E3A60D61AD77B5 /* SDMapView.m */ = {isa = PBXFileReference; fileEncoding = 4; lastKnownFileType = sourcecode.c.objc; path = SDMapView.m; sourceTree = "<group>"; };
		69ED7F757062D7D9415BE6AA /* SDMapView.h */ = {isa = PBXFileReference; fileEncoding = 4; lastKnownFileType = sourcecode.c.h; path = SDMapView.h; sourceTree = "<group>"; };
		69ED7F771E567A57460BBBDD /* Airport.h */ = {isa = PBXFileReference; fileEncoding = 4; lastKnownFileType = sourcecode.c.h; path = Airport.h; sourceTree = "<group>"; };
/* End PBXFileReference section */

/* Begin PBXFrameworksBuildPhase section */
		69ED7193931EBDD255586B01 /* Frameworks */ = {
			isa = PBXFrameworksBuildPhase;
			buildActionMask = 2147483647;
			files = (
				2CBAFB831700AAE6005FE437 /* CoreLocation.framework in Frameworks */,
				2CBAFB8116FDC2B3005FE437 /* MapKit.framework in Frameworks */,
				69ED72793D8DEDD324F0E3AD /* UIKit.framework in Frameworks */,
				69ED7CDB1AB017EF2CE3A5D1 /* Foundation.framework in Frameworks */,
				69ED797506D10E245BA926CF /* CoreGraphics.framework in Frameworks */,
			);
			runOnlyForDeploymentPostprocessing = 0;
		};
/* End PBXFrameworksBuildPhase section */

/* Begin PBXGroup section */
		69ED70EA16BBFAFB805882FD /* SDMapView */ = {
			isa = PBXGroup;
			children = (
				69ED75332F27CDC5C88BE20E /* Supporting Files */,
				69ED7C2E27F333C83B343597 /* AppDelegate.h */,
				69ED76760FBBD9AD08230C8C /* AppDelegate.m */,
				69ED74088C04EA4E7A509B12 /* ViewController.h */,
				69ED71CCB7CFE84231F50261 /* ViewController.m */,
				69ED7EE98FD9DB661B1C1045 /* ViewController_iPhone.xib */,
				69ED7CF4DEE0272CEBED989E /* ViewController_iPad.xib */,
				69ED71667A1F3F234DA806A6 /* Map View */,
				69ED724A498353350AECD1A4 /* Airport.m */,
				69ED7F771E567A57460BBBDD /* Airport.h */,
				69ED7C6A76EAFC4CC0DAC127 /* Airports.plist */,
			);
			path = SDMapView;
			sourceTree = "<group>";
		};
		69ED71667A1F3F234DA806A6 /* Map View */ = {
			isa = PBXGroup;
			children = (
				69ED7FF176D9B24CCD26686B /* Transactions */,
				69ED76CA42DB7AF612AA0A18 /* Extensions */,
				69ED79547E930031E1444AAA /* Quad Tree */,
				69ED7FF311BFF88F1F8E9D3D /* Transactions Factory */,
				69ED796FDBA26001605E763F /* SDMapView */,
				69ED7F69D7EC482CD1F1BA95 /* Utils */,
			);
			path = "Map View";
			sourceTree = "<group>";
		};
		69ED71E5CAF129736264FBCC /* Frameworks */ = {
			isa = PBXGroup;
			children = (
				2CBAFB821700AAE6005FE437 /* CoreLocation.framework */,
				2CBAFB8016FDC2B3005FE437 /* MapKit.framework */,
				69ED7C39BA6EAD91D337098F /* UIKit.framework */,
				69ED76CE0B997FAC2466941F /* Foundation.framework */,
				69ED75A6AB3819161A9CE824 /* CoreGraphics.framework */,
			);
			name = Frameworks;
			sourceTree = "<group>";
		};
		69ED75332F27CDC5C88BE20E /* Supporting Files */ = {
			isa = PBXGroup;
			children = (
				69ED7640B65F6DE1E11689DE /* SDMapView-Info.plist */,
				69ED753C0FBA1171B5E42435 /* InfoPlist.strings */,
				69ED76520DA7BCCCCCE4D881 /* main.m */,
				69ED79AB69D8B5723E9C5CA9 /* SDMapView-Prefix.pch */,
				69ED7982BFC11D5301FA3D76 /* Default.png */,
				69ED771CC3BD605270F51EAE /* Default@2x.png */,
				69ED76A96CD7FAD781E672EF /* Default-568h@2x.png */,
			);
			name = "Supporting Files";
			sourceTree = "<group>";
		};
		69ED76CA42DB7AF612AA0A18 /* Extensions */ = {
			isa = PBXGroup;
			children = (
				69ED773B56177261B85CDF84 /* NSInvocation+SDExtension.h */,
				69ED7AD0E9FAFCF70296BF89 /* NSInvocation+SDExtension.m */,
				69ED739511DBA23CE8B9E77A /* NSMutableDictionary+SetInsertion.h */,
				69ED7751B1F525FE8EC09CE8 /* NSMutableDictionary+SetInsertion.m */,
				69ED789BF125BA77E41C12D3 /* NSValue+CLLocationCoordinate2D.h */,
				69ED7C13D8BFE31F5C98DC39 /* NSValue+CLLocationCoordinate2D.m */,
				69ED7CAAA2A318361606AE4F /* MKMapView+SDTransforms.m */,
				69ED78DBF9BED68DD31F529D /* MKMapView+SDTransforms.h */,
			);
			path = Extensions;
			sourceTree = "<group>";
		};
		69ED7922EC11D60645015F0A /* Products */ = {
			isa = PBXGroup;
			children = (
				69ED756B3FCAADD3D82360C9 /* SDMapView.app */,
			);
			name = Products;
			sourceTree = "<group>";
		};
		69ED79547E930031E1444AAA /* Quad Tree */ = {
			isa = PBXGroup;
			children = (
				69ED7D7A52AEDDB105376272 /* SDQuadTree.h */,
				69ED7A6BE439148A76A7C631 /* SDQuadTree.m */,
			);
			path = "Quad Tree";
			sourceTree = "<group>";
		};
		69ED796FDBA26001605E763F /* SDMapView */ = {
			isa = PBXGroup;
			children = (
				69ED77D534E5F7EFCE58BCE4 /* SDMapView+SDMapTransaction.h */,
				69ED7F757062D7D9415BE6AA /* SDMapView.h */,
				69ED7EA101E3A60D61AD77B5 /* SDMapView.m */,
			);
			path = SDMapView;
			sourceTree = "<group>";
		};
		69ED7E13B52E70560E665927 = {
			isa = PBXGroup;
			children = (
				69ED7922EC11D60645015F0A /* Products */,
				69ED71E5CAF129736264FBCC /* Frameworks */,
				69ED70EA16BBFAFB805882FD /* SDMapView */,
			);
			sourceTree = "<group>";
		};
		69ED7F69D7EC482CD1F1BA95 /* Utils */ = {
			isa = PBXGroup;
			children = (
				69ED7687A07B9F953D76846F /* SDDelegateMultiplier.h */,
				69ED7E28DBB059BF389F6BF3 /* SDDelegateMultiplier.m */,
			);
			path = Utils;
			sourceTree = "<group>";
		};
		69ED7FF176D9B24CCD26686B /* Transactions */ = {
			isa = PBXGroup;
			children = (
				69ED780138C5E062CA6D6B44 /* SDMapTransaction.m */,
				69ED783D4CE7230D18F77294 /* SDMapTransaction.h */,
				69ED7BE865EA9C9A1830EA64 /* SDRegularMapTransaction.m */,
				69ED718E5C63E80C8628969C /* SDRegularMapTransaction.h */,
				69ED7C9E5E592F4DAFBB7C5D /* SDAscendingMapTransaction.m */,
				69ED742F6EF20E246EBB1170 /* SDAscendingMapTransaction.h */,
				69ED724B5929CDCAE303BA9A /* SDDescendingMapTransaction.m */,
				69ED7DA943DD0C8C78ABDC38 /* SDDescendingMapTransaction.h */,
			);
			path = Transactions;
			sourceTree = "<group>";
		};
		69ED7FF311BFF88F1F8E9D3D /* Transactions Factory */ = {
			isa = PBXGroup;
			children = (
				69ED7B3EB1DF2B11F4627D68 /* SDMapTransactionFactory.m */,
				69ED78431E041FD3CCC9401D /* SDMapTransactionFactory.h */,
			);
			path = "Transactions Factory";
			sourceTree = "<group>";
		};
/* End PBXGroup section */

/* Begin PBXNativeTarget section */
		69ED76503C2198F30E93B782 /* SDMapView */ = {
			isa = PBXNativeTarget;
			buildConfigurationList = 69ED71D91041218CBF439620 /* Build configuration list for PBXNativeTarget "SDMapView" */;
			buildPhases = (
				69ED7CF465CD828C5E0D60B0 /* Sources */,
				69ED7193931EBDD255586B01 /* Frameworks */,
				69ED7A6475DB80B789DBFE8F /* Resources */,
			);
			buildRules = (
			);
			dependencies = (
			);
			name = SDMapView;
			productName = SDMapView;
			productReference = 69ED756B3FCAADD3D82360C9 /* SDMapView.app */;
			productType = "com.apple.product-type.application";
		};
/* End PBXNativeTarget section */

/* Begin PBXProject section */
		69ED7651ABEFB828C9470E1C /* Project object */ = {
			isa = PBXProject;
			buildConfigurationList = 69ED717CB9D2D3F2270C2923 /* Build configuration list for PBXProject "SDMapView" */;
			compatibilityVersion = "Xcode 3.2";
			developmentRegion = English;
			hasScannedForEncodings = 0;
			knownRegions = (
				en,
			);
			mainGroup = 69ED7E13B52E70560E665927;
			productRefGroup = 69ED7922EC11D60645015F0A /* Products */;
			projectDirPath = "";
			projectRoot = "";
			targets = (
				69ED76503C2198F30E93B782 /* SDMapView */,
			);
		};
/* End PBXProject section */

/* Begin PBXResourcesBuildPhase section */
		69ED7A6475DB80B789DBFE8F /* Resources */ = {
			isa = PBXResourcesBuildPhase;
			buildActionMask = 2147483647;
			files = (
				69ED70C92E5825B3FF2FFC24 /* InfoPlist.strings in Resources */,
				69ED7B18B4F67F881F662E8E /* Default.png in Resources */,
				69ED7D255CFA722C384CC1CE /* Default@2x.png in Resources */,
				69ED71A8166E51D8D8B39214 /* Default-568h@2x.png in Resources */,
				69ED72FB076F49F8536D89D9 /* ViewController_iPhone.xib in Resources */,
				69ED71D610219574503D89FE /* ViewController_iPad.xib in Resources */,
				69ED72AC08DEEAFA84C92826 /* Airports.plist in Resources */,
			);
			runOnlyForDeploymentPostprocessing = 0;
		};
/* End PBXResourcesBuildPhase section */

/* Begin PBXSourcesBuildPhase section */
		69ED7CF465CD828C5E0D60B0 /* Sources */ = {
			isa = PBXSourcesBuildPhase;
			buildActionMask = 2147483647;
			files = (
				69ED747474FF0C38E6A87D57 /* main.m in Sources */,
				69ED72FA7D68B49E7C32F3B6 /* AppDelegate.m in Sources */,
				69ED7D452A462E3C6685F4CC /* ViewController.m in Sources */,
				69ED7EC2527D208D884C8BB4 /* Airport.m in Sources */,
				69ED7F90FB10E9270F02E1EC /* NSInvocation+SDExtension.m in Sources */,
				69ED778DA90BC4A6C6BE6CF1 /* NSMutableDictionary+SetInsertion.m in Sources */,
				69ED74749C7EC519BE42559A /* NSValue+CLLocationCoordinate2D.m in Sources */,
				69ED7963D80BC59FB0EEA020 /* SDQuadTree.m in Sources */,
				69ED7C49D3477A85DBEDABEB /* SDMapTransaction.m in Sources */,
				69ED72FF738FE53E628DBC6E /* SDRegularMapTransaction.m in Sources */,
				69ED7FDE1C56C79D24E0B644 /* SDAscendingMapTransaction.m in Sources */,
				69ED7B6F95671788A9EEA6C7 /* SDDescendingMapTransaction.m in Sources */,
				69ED79631F2664C45D855938 /* SDMapTransactionFactory.m in Sources */,
				69ED7F3D5BE8FF250487EA33 /* SDMapView.m in Sources */,
				69ED773A99DFB7BECC40CB46 /* MKMapView+SDTransforms.m in Sources */,
				69ED77FA30B1110F7104BB73 /* SDDelegateMultiplier.m in Sources */,
			);
			runOnlyForDeploymentPostprocessing = 0;
		};
/* End PBXSourcesBuildPhase section */

/* Begin PBXVariantGroup section */
		69ED753C0FBA1171B5E42435 /* InfoPlist.strings */ = {
			isa = PBXVariantGroup;
			children = (
				69ED7C10E7D4CD470B8A9A79 /* en */,
			);
			name = InfoPlist.strings;
			sourceTree = "<group>";
		};
		69ED7CF4DEE0272CEBED989E /* ViewController_iPad.xib */ = {
			isa = PBXVariantGroup;
			children = (
				69ED73A90B56663776F86FAC /* en */,
			);
			name = ViewController_iPad.xib;
			sourceTree = "<group>";
		};
		69ED7EE98FD9DB661B1C1045 /* ViewController_iPhone.xib */ = {
			isa = PBXVariantGroup;
			children = (
				69ED73EFC050DD2798A237C4 /* en */,
			);
			name = ViewController_iPhone.xib;
			sourceTree = "<group>";
		};
/* End PBXVariantGroup section */

/* Begin XCBuildConfiguration section */
		69ED7190EC3D238550600B84 /* Release */ = {
			isa = XCBuildConfiguration;
			buildSettings = {
				ALWAYS_SEARCH_USER_PATHS = NO;
				CLANG_CXX_LANGUAGE_STANDARD = "gnu++0x";
				CLANG_CXX_LIBRARY = "libc++";
				CLANG_ENABLE_OBJC_ARC = YES;
				CLANG_WARN_CONSTANT_CONVERSION = YES;
				CLANG_WARN_EMPTY_BODY = YES;
				CLANG_WARN_ENUM_CONVERSION = YES;
				CLANG_WARN_INT_CONVERSION = YES;
				CLANG_WARN__DUPLICATE_METHOD_MATCH = YES;
				"CODE_SIGN_IDENTITY[sdk=iphoneos*]" = "iPhone Developer";
				COPY_PHASE_STRIP = YES;
				GCC_C_LANGUAGE_STANDARD = gnu99;
				GCC_WARN_ABOUT_RETURN_TYPE = YES;
				GCC_WARN_UNINITIALIZED_AUTOS = YES;
				GCC_WARN_UNUSED_VARIABLE = YES;
				IPHONEOS_DEPLOYMENT_TARGET = 6.1;
				OTHER_CFLAGS = "-DNS_BLOCK_ASSERTIONS=1";
				SDKROOT = iphoneos;
				TARGETED_DEVICE_FAMILY = "1,2";
				VALIDATE_PRODUCT = YES;
			};
			name = Release;
		};
		69ED7208ECACA66E432AF871 /* Debug */ = {
			isa = XCBuildConfiguration;
			buildSettings = {
				ALWAYS_SEARCH_USER_PATHS = NO;
				CLANG_CXX_LANGUAGE_STANDARD = "gnu++0x";
				CLANG_CXX_LIBRARY = "libc++";
				CLANG_ENABLE_OBJC_ARC = YES;
				CLANG_WARN_CONSTANT_CONVERSION = YES;
				CLANG_WARN_EMPTY_BODY = YES;
				CLANG_WARN_ENUM_CONVERSION = YES;
				CLANG_WARN_INT_CONVERSION = YES;
				CLANG_WARN__DUPLICATE_METHOD_MATCH = YES;
				"CODE_SIGN_IDENTITY[sdk=iphoneos*]" = "iPhone Developer";
				COPY_PHASE_STRIP = NO;
				GCC_C_LANGUAGE_STANDARD = gnu99;
				GCC_DYNAMIC_NO_PIC = NO;
				GCC_OPTIMIZATION_LEVEL = 0;
				GCC_PREPROCESSOR_DEFINITIONS = (
					"DEBUG=1",
					"$(inherited)",
				);
				GCC_SYMBOLS_PRIVATE_EXTERN = NO;
				GCC_WARN_ABOUT_RETURN_TYPE = YES;
				GCC_WARN_UNINITIALIZED_AUTOS = YES;
				GCC_WARN_UNUSED_VARIABLE = YES;
				IPHONEOS_DEPLOYMENT_TARGET = 6.1;
				ONLY_ACTIVE_ARCH = YES;
				SDKROOT = iphoneos;
				TARGETED_DEVICE_FAMILY = "1,2";
			};
			name = Debug;
		};
		69ED76A19ADA9C9A392E2FB7 /* Debug */ = {
			isa = XCBuildConfiguration;
			buildSettings = {
				GCC_PRECOMPILE_PREFIX_HEADER = YES;
				GCC_PREFIX_HEADER = "SDMapView/SDMapView-Prefix.pch";
				INFOPLIST_FILE = "SDMapView/SDMapView-Info.plist";
				PRODUCT_NAME = "$(TARGET_NAME)";
				WRAPPER_EXTENSION = app;
			};
			name = Debug;
		};
		69ED7E2F00903992ECDA9E36 /* Release */ = {
			isa = XCBuildConfiguration;
			buildSettings = {
				GCC_PRECOMPILE_PREFIX_HEADER = YES;
				GCC_PREFIX_HEADER = "SDMapView/SDMapView-Prefix.pch";
				INFOPLIST_FILE = "SDMapView/SDMapView-Info.plist";
				PRODUCT_NAME = "$(TARGET_NAME)";
				WRAPPER_EXTENSION = app;
			};
			name = Release;
		};
/* End XCBuildConfiguration section */

/* Begin XCConfigurationList section */
		69ED717CB9D2D3F2270C2923 /* Build configuration list for PBXProject "SDMapView" */ = {
			isa = XCConfigurationList;
			buildConfigurations = (
				69ED7190EC3D238550600B84 /* Release */,
				69ED7208ECACA66E432AF871 /* Debug */,
			);
			defaultConfigurationIsVisible = 0;
			defaultConfigurationName = Release;
		};
		69ED71D91041218CBF439620 /* Build configuration list for PBXNativeTarget "SDMapView" */ = {
			isa = XCConfigurationList;
			buildConfigurations = (
				69ED7E2F00903992ECDA9E36 /* Release */,
				69ED76A19ADA9C9A392E2FB7 /* Debug */,
			);
			defaultConfigurationIsVisible = 0;
			defaultConfigurationName = Release;
		};
/* End XCConfigurationList section */
	};
	rootObject = 69ED7651ABEFB828C9470E1C /* Project object */;
}
